PODS:
  - Alamofire (4.2.0)
  - BetterSegmentedControl (0.7)
  - DZNEmptyDataSet (1.8.1)
  - expanding-collection (1.0.4)
  - EZYGradientView (1.5.1)
  - GoAutoSlideView (0.7)
  - NVActivityIndicatorView (3.2)
  - RAMAnimatedTabBarController (2.0.13)
  - ReachabilitySwift (3)
  - SCLAlertView (0.7.0)
  - SDWebImage (3.8.2):
    - SDWebImage/Core (= 3.8.2)
  - SDWebImage/Core (3.8.2)
  - Shimmer (1.0.2)
  - Spring (1.0.3)
  - SwiftHEXColors (1.1.0)
  - SwiftyJSON (3.1.4)
  - XCDYouTubeKit (2.5.3)

DEPENDENCIES:
  - Alamofire (~> 4.0)
  - BetterSegmentedControl (~> 0.7)
  - DZNEmptyDataSet
  - expanding-collection (~> 1.0.3)
  - EZYGradientView (from `https://github.com/Niphery/EZYGradientView`)
  - GoAutoSlideView (~> 0.7)
  - NVActivityIndicatorView
  - RAMAnimatedTabBarController (~> 2.0.13)
  - ReachabilitySwift (~> 3)
  - SCLAlertView
  - SDWebImage (~> 3.8)
  - Shimmer
  - Spring (from `https://github.com/MengTo/Spring.git`, branch `swift3`)
  - SwiftHEXColors
  - SwiftyJSON
  - XCDYouTubeKit (~> 2.5)

EXTERNAL SOURCES:
  EZYGradientView:
    :git: https://github.com/Niphery/EZYGradientView
  Spring:
    :branch: swift3
    :git: https://github.com/MengTo/Spring.git

CHECKOUT OPTIONS:
  EZYGradientView:
    :commit: e8cc7bf2fb77557af214289288ebc96776ffbf57
    :git: https://github.com/Niphery/EZYGradientView
  Spring:
    :commit: 3a9227c6e9157e7b47f5ac1ee5abab2a56b50002
    :git: https://github.com/MengTo/Spring.git

SPEC CHECKSUMS:
  Alamofire: aa2e09d871c9160ac53c90e83c68064a94e3dfbe
  BetterSegmentedControl: 0b4dde1caac22de345820858a5e2789132378c1c
  DZNEmptyDataSet: 9525833b9e68ac21c30253e1d3d7076cc828eaa7
  expanding-collection: be78b5822d7382d3da02b52d52273f4661567a64
  EZYGradientView: f13e7a9e774b906c66d617fb04a13c8853ba25b4
  GoAutoSlideView: 97b43a387d26ed5c62be79a73e7b5c02d6084795
  NVActivityIndicatorView: 28942c18ced111a6a3ce5e6f5b27d9d40116d639
  RAMAnimatedTabBarController: 2510f3b66954c3f77ea1042a35d34df8f5f3b604
  ReachabilitySwift: f5b9bb30a0777fac8f09ce8b067e32faeb29bb64
  SCLAlertView: 8a14ffc40590c619e183eed2298b854385f30be1
  SDWebImage: 098e97e6176540799c27e804c96653ee0833d13c
  Shimmer: c5374be1c2b0c9e292fb05b339a513cf291cac86
  Spring: 3f02b5dc3308572ef177b3cad0fa7bbc4b0706f7
  SwiftHEXColors: 8f7e364df7929e32cff9f9eeb044bb215167d6be
  SwiftyJSON: c2842d878f95482ffceec5709abc3d05680c0220
  XCDYouTubeKit: 90690f9e3523735dc93b8024269d991b0cfffe78

PODFILE CHECKSUM: 25dcf7c87c0d3d93dad2e71f5806e0609dc8e810

COCOAPODS: 1.1.1
